version = 1
revision = 3
requires-python = ">=3.11"

[[package]]
name = "clang-format"
version = "22.1.5"
source = { registry = "https://pypi.org/simple" }
sdist = { url = "https://files.pythonhosted.org/packages/12/67/4195b7bf2204e77a1c6305ea976f8e5dc63e70bcb59702912adb266a102e/clang_format-22.1.5.tar.gz", hash = "sha256:94401741d1db878ee1e002e3c33305a7c8e50ff1a9b0a4b8c713690f404d535c", size = 11508, upload-time = "2026-05-06T13:12:22.996Z" }
wheels = [
    { url = "https://files.pythonhosted.org/packages/6f/f4/eef03a87fe65a666bf8a1d9cf804addd5cd26eb225d4e270f22c20d832b0/clang_format-22.1.5-py2.py3-none-macosx_10_9_x86_64.whl", hash = "sha256:a73a500dcabdac1ebc993b99f77fe61de967c7ab9c26d12d664f02def31f0464", size = 1492641, upload-time = "2026-05-06T13:11:49.939Z" },
    { url = "https://files.pythonhosted.org/packages/0f/d8/e5cfbfd7f0d29c167dda2d014bd76ee3c4169000958948c73dd270c995c4/clang_format-22.1.5-py2.py3-none-macosx_11_0_arm64.whl", hash = "sha256:47e73563e6c55b47d6800bcc52e53e66c73b1d801f775b118dcc7aab8410c36f", size = 1478953, upload-time = "2026-05-06T13:11:52.282Z" },
    { url = "https://files.pythonhosted.org/packages/d9/d5/077d5bbea3d07c494705dc0960e58150651eeb024d9f837ea3350505b1a9/clang_format-22.1.5-py2.py3-none-manylinux_2_26_aarch64.manylinux_2_28_aarch64.whl", hash = "sha256:2db8b07d54f2b9583327715267b8ae5e9852e8da23b49c1bf8dde19067ce6fbc", size = 1757816, upload-time = "2026-05-06T13:11:54.468Z" },
    { url = "https://files.pythonhosted.org/packages/ca/95/25636844c2255fa40d1e6a691c483a9c8804f0ce6903eb790f8e4d95dfa6/clang_format-22.1.5-py2.py3-none-manylinux_2_26_i686.manylinux_2_28_i686.whl", hash = "sha256:7a93aad78b03f190d8a73e5e81d6942bc0e4f449add21e62c7fad1be2cdfec03", size = 1888629, upload-time = "2026-05-06T13:11:56.31Z" },
    { url = "https://files.pythonhosted.org/packages/6f/59/8b9a1f6f4197292577dae8ff9f94c5900622c0e0a395a46cb2278e4d813a/clang_format-22.1.5-py2.py3-none-manylinux_2_26_ppc64le.manylinux_2_28_ppc64le.whl", hash = "sha256:b40d0d264003c831cda317d09db31f0ebbcddd5dc13f04af52be5664d2b8aa89", size = 2070260, upload-time = "2026-05-06T13:11:58.243Z" },
    { url = "https://files.pythonhosted.org/packages/f1/a8/f33290829eb73e1baece6d46a55d19a3d286ddee559a1955add639ceb731/clang_format-22.1.5-py2.py3-none-manylinux_2_26_s390x.manylinux_2_28_s390x.whl", hash = "sha256:a89ec86dd33f367b4e10dc1f243508709deed8576bb75a7b01c1412de47504df", size = 2101891, upload-time = "2026-05-06T13:12:00.131Z" },
    { url = "https://files.pythonhosted.org/packages/39/5e/bf1ea7a20ec3ffecda7eff98ad0f1621255e244e0f888d011a2106a04318/clang_format-22.1.5-py2.py3-none-manylinux_2_27_x86_64.manylinux_2_28_x86_64.whl", hash = "sha256:451efcd0738908b2bd4d76409b52920ef381e045eb6728f9286d2ae5f02f3ef2", size = 1841172, upload-time = "2026-05-06T13:12:02.03Z" },
    { url = "https://files.pythonhosted.org/packages/b5/5f/853664a3d7599a682b2c89cc76606b818c5c56c7741251a42004e3e76104/clang_format-22.1.5-py2.py3-none-manylinux_2_31_armv7l.whl", hash = "sha256:39af8c0b77fb05d1dc7073ee9e348d81a965a0b96c0307d07cd92bbd74c611c7", size = 1684799, upload-time = "2026-05-06T13:12:03.6Z" },
    { url = "https://files.pythonhosted.org/packages/81/0b/7eb88226eed4c6cb529878d578f888c96ad3778df30e64d3223860327a08/clang_format-22.1.5-py2.py3-none-musllinux_1_2_aarch64.whl", hash = "sha256:cbafc220a1ad3da603f0e4a469f52cf31be60da384d213727b62af0684cfd96b", size = 2735300, upload-time = "2026-05-06T13:12:05.329Z" },
    { url = "https://files.pythonhosted.org/packages/7e/82/38a8271f80861e75012c5ef63955f42ddd90cfff6a4ac09c84c055c1f4b3/clang_format-22.1.5-py2.py3-none-musllinux_1_2_armv7l.whl", hash = "sha256:4f43424bc0944402f2166337cc330f92d31d102b5a3ee31714814823ac647a67", size = 2514975, upload-time = "2026-05-06T13:12:07.458Z" },
    { url = "https://files.pythonhosted.org/packages/98/7a/2fb4e48fb9205e0b4380fe44d27d1e29141211f0fa53887e75224bf4fbe7/clang_format-22.1.5-py2.py3-none-musllinux_1_2_i686.whl", hash = "sha256:a6f700f948a0eeccdc74966a773d3f2f348ffedab4b49b10b71439f26d1b8ad2", size = 2985901, upload-time = "2026-05-06T13:12:09.317Z" },
    { url = "https://files.pythonhosted.org/packages/8c/0a/1f6cd7f0ebb8083db3098d648af3d363c35f6864159fa508d213279294b0/clang_format-22.1.5-py2.py3-none-musllinux_1_2_ppc64le.whl", hash = "sha256:f0fb5226525c846a8770b8adaba3a323261b6031a13d065d4d4c4aa0bf6dbbc4", size = 3119111, upload-time = "2026-05-06T13:12:11.445Z" },
    { url = "https://files.pythonhosted.org/packages/e3/7e/89cdc4216d8d49eeff98043bb5836eec5da805fd31aeb8f480bf4b8fa8ca/clang_format-22.1.5-py2.py3-none-musllinux_1_2_s390x.whl", hash = "sha256:86838932bcbfebdb4c900ea9e7c4dc4356a56aa75990c38065863c82c0d5e39f", size = 3217256, upload-time = "2026-05-06T13:12:13.252Z" },
    { url = "https://files.pythonhosted.org/packages/f7/eb/a1fa659d85d9b40eee594bfd2be7ddaf05e0296788ee2955473ef1e7bb38/clang_format-22.1.5-py2.py3-none-musllinux_1_2_x86_64.whl", hash = "sha256:5028f730a1acd0a2ff5fde309c3a064b2f8375caa664e57ff99c69a524d6cfd2", size = 2848433, upload-time = "2026-05-06T13:12:15.421Z" },
    { url = "https://files.pythonhosted.org/packages/c0/f7/f6c94ec536b6ada3dd23e0b49e691c80991dc5de89a5152b1ea2ed14c20b/clang_format-22.1.5-py2.py3-none-win32.whl", hash = "sha256:c1c2c4b9c9b7fba124c1b60647706ac6d4950e52830303951e7004403bb07006", size = 1299262, upload-time = "2026-05-06T13:12:17.449Z" },
    { url = "https://files.pythonhosted.org/packages/79/62/96fb942f00a39f93aeedf8ab5a16b2b42688bdc7ca7ec94714502b787c0e/clang_format-22.1.5-py2.py3-none-win_amd64.whl", hash = "sha256:0393ce061bf7bd7e7ce349fc758a05f9ce604d8653e23b47f24322fb4843074c", size = 1460369, upload-time = "2026-05-06T13:12:19.016Z" },
    { url = "https://files.pythonhosted.org/packages/ce/2d/35c5301c6d04f4babf218ad9716c061abebb8a56a1bbad167a86dfe966d3/clang_format-22.1.5-py2.py3-none-win_arm64.whl", hash = "sha256:4f5ac3b91bb5700c43cb96beb32e360a5aa6a7f94105d7900054f6496554d9b9", size = 1344987, upload-time = "2026-05-06T13:12:20.88Z" },
]

[[package]]
name = "colorama"
version = "0.4.6"
source = { registry = "https://pypi.org/simple" }
sdist = { url = "https://files.pythonhosted.org/packages/d8/53/6f443c9a4a8358a93a6792e2acffb9d9d5cb0a5cfd8802644b7b1c9a02e4/colorama-0.4.6.tar.gz", hash = "sha256:08695f5cb7ed6e0531a20572697297273c47b8cae5a63ffc6d6ed5c201be6e44", size = 27697, upload-time = "2022-10-25T02:36:22.414Z" }
wheels = [
    { url = "https://files.pythonhosted.org/packages/d1/d6/3965ed04c63042e047cb6a3e6ed1a63a35087b6a609aa3a15ed8ac56c221/colorama-0.4.6-py2.py3-none-any.whl", hash = "sha256:4f1d9991f5acc0ca119f9d443620b77f9d6b33703e51011c16baf57afb285fc6", size = 25335, upload-time = "2022-10-25T02:36:20.889Z" },
]

[[package]]
name = "hyperjet"
version = "0.0.0"
source = { editable = "." }
dependencies = [
    { name = "msvc-runtime", marker = "sys_platform == 'win32'" },
    { name = "numpy" },
]

[package.optional-dependencies]
test = [
    { name = "pytest" },
]

[package.dev-dependencies]
dev = [
    { name = "clang-format" },
    { name = "ruff" },
]
test = [
    { name = "pytest" },
]

[package.metadata]
requires-dist = [
    { name = "msvc-runtime", marker = "sys_platform == 'win32'" },
    { name = "numpy", specifier = ">=2.0" },
    { name = "pytest", marker = "extra == 'test'", specifier = ">=8.0" },
]
provides-extras = ["test"]

[package.metadata.requires-dev]
dev = [
    { name = "clang-format", specifier = ">=19.0" },
    { name = "ruff", specifier = ">=0.11" },
]
test = [{ name = "pytest", specifier = ">=8.0" }]

[[package]]
name = "iniconfig"
version = "2.3.0"
source = { registry = "https://pypi.org/simple" }
sdist = { url = "https://files.pythonhosted.org/packages/72/34/14ca021ce8e5dfedc35312d08ba8bf51fdd999c576889fc2c24cb97f4f10/iniconfig-2.3.0.tar.gz", hash = "sha256:c76315c77db068650d49c5b56314774a7804df16fee4402c1f19d6d15d8c4730", size = 20503, upload-time = "2025-10-18T21:55:43.219Z" }
wheels = [
    { url = "https://files.pythonhosted.org/packages/cb/b1/3846dd7f199d53cb17f49cba7e651e9ce294d8497c8c150530ed11865bb8/iniconfig-2.3.0-py3-none-any.whl", hash = "sha256:f631c04d2c48c52b84d0d0549c99ff3859c98df65b3101406327ecc7d53fbf12", size = 7484, upload-time = "2025-10-18T21:55:41.639Z" },
]

[[package]]
name = "msvc-runtime"
version = "14.44.35112"
source = { registry = "https://pypi.org/simple" }
wheels = [
    { url = "https://files.pythonhosted.org/packages/79/6d/db7a1f232aaaab3fb639db8d5c5d846af32ebed9dcb2373335de8767169b/msvc_runtime-14.44.35112-cp311-cp311-win32.whl", hash = "sha256:438a584930820238141162ef9b92bd8099ccca62a67fa0ddef63ed88b8eb4e0d", size = 1921504, upload-time = "2025-08-08T03:57:50.173Z" },
    { url = "https://files.pythonhosted.org/packages/ce/92/5a10262c2a489d5854f96d69e287923d6f720c4935dd26634deb7a5426e9/msvc_runtime-14.44.35112-cp311-cp311-win_amd64.whl", hash = "sha256:aba7fbe71897d25ed53fbb7f391e9f50289378a8a9ae218ba18530c663448391", size = 1921911, upload-time = "2025-08-08T03:57:51.814Z" },
    { url = "https://files.pythonhosted.org/packages/cc/33/88002539f2f5f2cc1fe978bf44cc5d140044473326da3baf52d99a6d8128/msvc_runtime-14.44.35112-cp311-cp311-win_arm64.whl", hash = "sha256:3a9c137951944fdc121377947bb4787dcd1007b505d7cf26f62d308d2b8df280", size = 3208236, upload-time = "2025-08-08T03:57:53.338Z" },
    { url = "https://files.pythonhosted.org/packages/1f/7d/f86050e24fd78e76e56145b326bfd3e7ae2c028e87e0732802a0c5144223/msvc_runtime-14.44.35112-cp312-cp312-win32.whl", hash = "sha256:7c5af6756056dbf6f3593f69b0f4575dbbd9e8ec10d3108ff00437da811a7b67", size = 1921505, upload-time = "2025-08-08T03:57:54.509Z" },
    { url = "https://files.pythonhosted.org/packages/21/3b/134d04268ab8e35853cd007582076429b45d60d6abb1036d159be9c50342/msvc_runtime-14.44.35112-cp312-cp312-win_amd64.whl", hash = "sha256:32f9c706009e16ccc319d6947ce3bffe20e5192bee52b18cf48313f9e7bedfbe", size = 1921899, upload-time = "2025-08-08T03:57:55.648Z" },
    { url = "https://files.pythonhosted.org/packages/a0/38/f245d6d30a76655293575683aaa5f72a7a70fc8efa1637bf6fd9e5e7e665/msvc_runtime-14.44.35112-cp312-cp312-win_arm64.whl", hash = "sha256:62f272c51f30ce0de1b7a796e50af4d3911b76cbc9bc909917435d094f68d5fe", size = 3208186, upload-time = "2025-08-08T03:57:57.401Z" },
    { url = "https://files.pythonhosted.org/packages/b0/3b/590fcbf92fee8f0d3ac46cd8b32069b058d6ce7bfb8be6c07a35d9c9188b/msvc_runtime-14.44.35112-cp313-cp313-win32.whl", hash = "sha256:e60781114472891c34fe14cc45a19ac28d80e0084dfbce882b7475c40c743152", size = 1921506, upload-time = "2025-08-08T03:57:58.888Z" },
    { url = "https://files.pythonhosted.org/packages/fe/17/7a1eace5a7c6083bd99db861625c08bb37010dfbe90ed7a0194ae0281689/msvc_runtime-14.44.35112-cp313-cp313-win_amd64.whl", hash = "sha256:d4f6cf106aaf235f2a90952f9ec7de49e9946323880d051abf9745a6d4bf60bf", size = 1921893, upload-time = "2025-08-08T03:58:00.234Z" },
    { url = "https://files.pythonhosted.org/packages/33/0d/88d6183846ad33b4a8fcb82fc86f26f9b7e21d776a925b6c8ab89618234a/msvc_runtime-14.44.35112-cp313-cp313-win_arm64.whl", hash = "sha256:359152dc9769559fee4ffdaa19f1fc2b72ab1535631a6105116776b263a235ac", size = 3208191, upload-time = "2025-08-08T03:58:02.35Z" },
    { url = "https://files.pythonhosted.org/packages/d7/9c/b9ee5402fe9daf6f4dba458f11238289c606df05e0cc9f0750d5ada4ff3b/msvc_runtime-14.44.35112-cp314-cp314-win32.whl", hash = "sha256:99c22caa2755c76cfa34b741e96bee99c461480d709fb9c582492ccc0f03c7ae", size = 1976509, upload-time = "2025-08-08T03:58:03.698Z" },
    { url = "https://files.pythonhosted.org/packages/d2/48/7fb574a4bfa697574a7dc7105bc15ef6882125e7c77c794c5e73429de832/msvc_runtime-14.44.35112-cp314-cp314-win_amd64.whl", hash = "sha256:af179a6c552070e660493765efd5856283af3fed971ddc3577203a7d3f1ee8e7", size = 1976906, upload-time = "2025-08-08T03:58:05.079Z" },
    { url = "https://files.pythonhosted.org/packages/93/b3/bdb7c215d1080ea08deb5e151dc261f74f5b1d25544947e31e902eb1253f/msvc_runtime-14.44.35112-cp314-cp314-win_arm64.whl", hash = "sha256:81eb9346ab2a269ea934bf13492fe5c1cd50af871a2fbb973f0a514031e81b6a", size = 3300540, upload-time = "2025-08-08T03:58:06.52Z" },
    { url = "https://files.pythonhosted.org/packages/95/99/271ff26cf07d875766efa4a376fe9415c033f07fe85a1371a071aaa37aca/msvc_runtime-14.44.35112-cp314-cp314t-win32.whl", hash = "sha256:38d64f2db707be465a79c87f0bec347249af89614550d10ed0345f6a7f80cf73", size = 1976674, upload-time = "2025-08-08T03:58:07.902Z" },
    { url = "https://files.pythonhosted.org/packages/47/eb/76fd58fd64209e7f3dbfe59237e2c49ee6bdd4c21eba9efe5a2354dacd3e/msvc_runtime-14.44.35112-cp314-cp314t-win_amd64.whl", hash = "sha256:1105f8f8117ee210b85bd8c771dbefff8f8d35771ee7ce3291ddd91d2a03eff1", size = 1977068, upload-time = "2025-08-08T03:58:09.376Z" },
    { url = "https://files.pythonhosted.org/packages/e2/38/b1ff1734e257c99a6450c60a1632d0c9ddbdb049ee4095439a591a0949a5/msvc_runtime-14.44.35112-cp314-cp314t-win_arm64.whl", hash = "sha256:a2ab094e35fa04172f6fd5cfc7d2a2017755ea9c3ff39cad5c2a4456e0bff689", size = 3300780, upload-time = "2025-08-08T03:58:11.061Z" },
]

[[package]]
name = "numpy"
version = "2.4.5"
source = { registry = "https://pypi.org/simple" }
sdist = { url = "https://files.pythonhosted.org/packages/50/8e/b8041bc719f056afd864478029d52214789341ac6583437b0ee5031e9530/numpy-2.4.5.tar.gz", hash = "sha256:ca670567a5683b7c1670ec03e0ddd5862e10934e92a70751d68d7b7b74ca7f9f", size = 20735669, upload-time = "2026-05-15T20:25:19.492Z" }
wheels = [
    { url = "https://files.pythonhosted.org/packages/e1/44/1383ee4d1e916a9e610e46c876b5c83ea023526117d23cd911983929ec34/numpy-2.4.5-cp311-cp311-macosx_10_9_x86_64.whl", hash = "sha256:3176dc8ff71dbb593606f91a69ad0c3cd3303c7eb546af477370ab9edf760288", size = 16969261, upload-time = "2026-05-15T20:22:23.036Z" },
    { url = "https://files.pythonhosted.org/packages/3d/61/54bacfbec7550bc398e6b6d9a861db35d64f75844e1d7920f5722c3cd5e7/numpy-2.4.5-cp311-cp311-macosx_11_0_arm64.whl", hash = "sha256:1811150e5148f5a01a7cc282cb2f489b4a3050a773e173adb480e507bad3a3d7", size = 14964009, upload-time = "2026-05-15T20:22:25.819Z" },
    { url = "https://files.pythonhosted.org/packages/7a/55/fe86c64561761f185339c26001164a2687bd4787af681e961431abd2d534/numpy-2.4.5-cp311-cp311-macosx_14_0_arm64.whl", hash = "sha256:0d63a780070871210853ba01e90b88f9b85cf2abf63a7f143d5127189265ddf6", size = 5469106, upload-time = "2026-05-15T20:22:28.13Z" },
    { url = "https://files.pythonhosted.org/packages/2f/74/cf29b8317627f0e3aa2c9fb332d386bd734308cecd9e07da9f407d9ce0c3/numpy-2.4.5-cp311-cp311-macosx_14_0_x86_64.whl", hash = "sha256:0c6919cefafb3b76cd46a89dbb203bf1dd95529d2a6d09fef2d325d95d6a79d8", size = 6798945, upload-time = "2026-05-15T20:22:30.061Z" },
    { url = "https://files.pythonhosted.org/packages/80/a9/b61730a17fa87d5abb13ce560a1b4ce3485d37a13e03eb7b414e598e72f8/numpy-2.4.5-cp311-cp311-manylinux_2_27_aarch64.manylinux_2_28_aarch64.whl", hash = "sha256:d51efede1e58e8b11877536a5518f60e318d8ff69b89ad7b38ee5e431b24d772", size = 15967025, upload-time = "2026-05-15T20:22:32.328Z" },
    { url = "https://files.pythonhosted.org/packages/03/39/70bcd187eb4d223c21fde02c2bdfbffbffef3288cbb3947c04c74ae39a08/numpy-2.4.5-cp311-cp311-manylinux_2_27_x86_64.manylinux_2_28_x86_64.whl", hash = "sha256:07ce7e74da92d7c71b5df157b9758bcdd53d7fea10602154de3afd2b3ddc34dd", size = 16918685, upload-time = "2026-05-15T20:22:34.759Z" },
    { url = "https://files.pythonhosted.org/packages/ab/31/400fd1315bbe228af3937cf8a74e32023df6217af36077919d00adc382e4/numpy-2.4.5-cp311-cp311-musllinux_1_2_aarch64.whl", hash = "sha256:d7828234a13185effb34979e146f9921f2a65dfbbe215e6dbb57d6478fc8e059", size = 17322963, upload-time = "2026-05-15T20:22:37.557Z" },
    { url = "https://files.pythonhosted.org/packages/18/6a/bbbafb657e6f6ee826b4ecdb8722a2e0aae4a981888eaf59eae6a535cc13/numpy-2.4.5-cp311-cp311-musllinux_1_2_x86_64.whl", hash = "sha256:f96083adc3dfc1bbf778f2c79654d88115fa07074c97cb724fe9508f12d91c55", size = 18651594, upload-time = "2026-05-15T20:22:40.449Z" },
    { url = "https://files.pythonhosted.org/packages/de/0c/857a515154a2a18b0dfae04089600d166d352d473ec17a0680d879582d06/numpy-2.4.5-cp311-cp311-win32.whl", hash = "sha256:4ed78c904a638b6e5d7cd4db90c06fca5fc6ec2f28d258305368f454a50e79cf", size = 6233849, upload-time = "2026-05-15T20:22:43.139Z" },
    { url = "https://files.pythonhosted.org/packages/f0/66/d215f3fb93541617adb5d58b3b9508e8a6413e499711e0adc0b80bcb445d/numpy-2.4.5-cp311-cp311-win_amd64.whl", hash = "sha256:079b0fad6f2899b23c5da89792b5409d2d83fc83e8bd5c2299cc9c397a264864", size = 12608238, upload-time = "2026-05-15T20:22:45.229Z" },
    { url = "https://files.pythonhosted.org/packages/cb/c4/611d66d3fcfa931954d37a19ce5575f3283d023e89ff0df6ad43b334ae9c/numpy-2.4.5-cp311-cp311-win_arm64.whl", hash = "sha256:d6c78e260b53affe9b395a9d54fc61f101f9521c4d9452c7e9e3718b19e2215b", size = 10479452, upload-time = "2026-05-15T20:22:47.962Z" },
    { url = "https://files.pythonhosted.org/packages/6c/18/3275231e98620002681c922e792db04d72c356e9d8073c387344fc0e4ff1/numpy-2.4.5-cp312-cp312-macosx_10_13_x86_64.whl", hash = "sha256:654fb8674b61b1c4bd568f944d13a908566fdcb0d797303521d4149d16da05ef", size = 16689166, upload-time = "2026-05-15T20:22:50.761Z" },
    { url = "https://files.pythonhosted.org/packages/db/23/000aab6a16bdec53307f0f72546b57a3ac9266a62d8c257bee97d85fd078/numpy-2.4.5-cp312-cp312-macosx_11_0_arm64.whl", hash = "sha256:4cd9f6fa7ce10dc4627f2bb81dd9075dab67e94632e04c2b638e12575ddaa862", size = 14699514, upload-time = "2026-05-15T20:22:53.678Z" },
    { url = "https://files.pythonhosted.org/packages/47/cc/ddaf3af9c46966fef5be879256f213d85a0c56c75d07a3b7defec7cf6b4c/numpy-2.4.5-cp312-cp312-macosx_14_0_arm64.whl", hash = "sha256:4f5bc96d35d94e4ceab8b38a92241b4611e95dc44e63b9f1fa2a331858ee3507", size = 5204601, upload-time = "2026-05-15T20:22:56.257Z" },
    { url = "https://files.pythonhosted.org/packages/07/ea/627fadd11959b3c7759008f34c92a35af8ff942dd8284a66ced648bbe516/numpy-2.4.5-cp312-cp312-macosx_14_0_x86_64.whl", hash = "sha256:4bb33e900ee81730ad77a258965134aa8ceac805124f7e5229347beda4b8d0aa", size = 6551360, upload-time = "2026-05-15T20:22:58.334Z" },
    { url = "https://files.pythonhosted.org/packages/a1/47/0728b986b8682d742ff68c16baa5af9d185484abfc635c5cc700f44e62be/numpy-2.4.5-cp312-cp312-manylinux_2_27_aarch64.manylinux_2_28_aarch64.whl", hash = "sha256:32f8f852273ef32b291201ac2a2c97629c4a1ee8632bb670e3443eaa09fc2e72", size = 15671157, upload-time = "2026-05-15T20:23:01.081Z" },
    { url = "https://files.pythonhosted.org/packages/d1/0b/b905ae82d9419dc38123523862db64978ca2954b69609c3ae8fdaca1084c/numpy-2.4.5-cp312-cp312-manylinux_2_27_x86_64.manylinux_2_28_x86_64.whl", hash = "sha256:685681e956fc8dcb75adc6ff26694e1dfd738b24bd8d4696c51ca0110157f912", size = 16645703, upload-time = "2026-05-15T20:23:04.358Z" },
    { url = "https://files.pythonhosted.org/packages/5f/24/e27fc3f5236b4118ed9eed67111675f5c61a07ea333acec87c869c3b359d/numpy-2.4.5-cp312-cp312-musllinux_1_2_aarch64.whl", hash = "sha256:6f64dd84b277a737eb59513f6b9bb6195bf41ab11941ef15b2562dbab43fa8ef", size = 17021018, upload-time = "2026-05-15T20:23:07.021Z" },
    { url = "https://files.pythonhosted.org/packages/d3/a7/9041af38d527ab80a06a93570a77e29425b41507ad41f6acf5da78cfb4a4/numpy-2.4.5-cp312-cp312-musllinux_1_2_x86_64.whl", hash = "sha256:b42d9496f79e3a728192f05a42d86e36163217b7cdecb3813d0028a0aa6b72d7", size = 18368768, upload-time = "2026-05-15T20:23:09.44Z" },
    { url = "https://files.pythonhosted.org/packages/49/82/326a014442f32c2663434fd424d9298791f47f8a0f17585ad60519a5606e/numpy-2.4.5-cp312-cp312-win32.whl", hash = "sha256:86d980970f5110595ca14855768073b08585fc1acc36895de303e039e7dee4a5", size = 5962819, upload-time = "2026-05-15T20:23:11.631Z" },
    { url = "https://files.pythonhosted.org/packages/3c/f0/cbf5d391b0b3a5e8cad264603e2fae256b0bde8ce43566b13b78faedc659/numpy-2.4.5-cp312-cp312-win_amd64.whl", hash = "sha256:3333dba6a4e611d666f69e177ba8fe4140366ff681a5feb2374d3fd4fff3acb6", size = 12321621, upload-time = "2026-05-15T20:23:14.305Z" },
    { url = "https://files.pythonhosted.org/packages/3c/d0/0f18909d9bc37a5f3f969fc737d2bb5df9f2ff295f71b467e6f52a0d6c4e/numpy-2.4.5-cp312-cp312-win_arm64.whl", hash = "sha256:4593d197270b894efeb538dcbe227e4bcf1c77f88c4c6bf933ead812cfaa4453", size = 10221430, upload-time = "2026-05-15T20:23:16.887Z" },
    { url = "https://files.pythonhosted.org/packages/e3/a4/fb50657c7cab297bf34edcd60a074cb0647f61771430d6363575274160fe/numpy-2.4.5-cp313-cp313-macosx_10_13_x86_64.whl", hash = "sha256:1ef248460b645c102026b82337cc4e88231909c66dd77b59ec6d6cac7e44f277", size = 16684760, upload-time = "2026-05-15T20:23:19.436Z" },
    { url = "https://files.pythonhosted.org/packages/3e/43/87e731299b9408eda705b3b9cb31c7bceb9347d2af9cbb16b2b1e4b5bc0f/numpy-2.4.5-cp313-cp313-macosx_11_0_arm64.whl", hash = "sha256:4603622bdcdbf8dccb1d9d5b21d16a7aa4e473ae6c8e14048d846fd4ca2907a0", size = 14694117, upload-time = "2026-05-15T20:23:21.832Z" },
    { url = "https://files.pythonhosted.org/packages/a9/c7/0b2bb8acea222e9dd6e582afc2bc553b89b8833cbdccc68e68f050fb31f8/numpy-2.4.5-cp313-cp313-macosx_14_0_arm64.whl", hash = "sha256:6c18d49c67689c562854b53fdc433b93e47c12952aa6fa6d59f185e1a5992419", size = 5199141, upload-time = "2026-05-15T20:23:24.066Z" },
    { url = "https://files.pythonhosted.org/packages/39/60/b6972b5d47033d90000f0097c81a98b9486589a2d7003bf725bff275cb0d/numpy-2.4.5-cp313-cp313-macosx_14_0_x86_64.whl", hash = "sha256:b1c663ddc641f4192e90511bec61a09bc231e3bbdb996cdc6edbcaa0e528d685", size = 6546954, upload-time = "2026-05-15T20:23:26.099Z" },
    { url = "https://files.pythonhosted.org/packages/c1/e9/ed667cb12c11ca0adde431f685d3a5dd78e6f78b27228c581c8415198e9e/numpy-2.4.5-cp313-cp313-manylinux_2_27_aarch64.manylinux_2_28_aarch64.whl", hash = "sha256:93793222b524f692f12b2f8752ce8b1d9d9125b2bfd5dbf0fb69c92c5e1ce86c", size = 15669430, upload-time = "2026-05-15T20:23:28.147Z" },
    { url = "https://files.pythonhosted.org/packages/44/e5/679f6ffeb01294b0008e5ada4a113cb47617bc0e1819a529fd7973c6d7f4/numpy-2.4.5-cp313-cp313-manylinux_2_27_x86_64.manylinux_2_28_x86_64.whl", hash = "sha256:1616bde34b2bcba2fa9bde06217ce00da4f3d1bdfb264d54525a99e8fe170d83", size = 16633390, upload-time = "2026-05-15T20:23:31.622Z" },
    { url = "https://files.pythonhosted.org/packages/36/46/42bfffc9a780ec902ccd7470d3219192ee82b7b442710307dd85b4d121b0/numpy-2.4.5-cp313-cp313-musllinux_1_2_aarch64.whl", hash = "sha256:09d7d97da1c2c62f4818b3e150a57572ff8dcf1cf5ac501aac832ffd4ebd9566", size = 17020709, upload-time = "2026-05-15T20:23:34.08Z" },
    { url = "https://files.pythonhosted.org/packages/44/00/3e840bfee0cc6cec22209f2c97057f26eeb30de031e4933b4dfc0395416c/numpy-2.4.5-cp313-cp313-musllinux_1_2_x86_64.whl", hash = "sha256:2d68d0b355ab2e39fe0de59001d7151dfdbbb880ef67baeed806661e03df5097", size = 18357818, upload-time = "2026-05-15T20:23:36.965Z" },
    { url = "https://files.pythonhosted.org/packages/72/cb/3447b400b9da84134575486f0f656541559b00d4b262477bce9b678bbca8/numpy-2.4.5-cp313-cp313-win32.whl", hash = "sha256:fe28b64777ddfa0eca9b5f51474034ebe3dcb8324f48f27b28f479085673ae33", size = 5961114, upload-time = "2026-05-15T20:23:39.586Z" },
    { url = "https://files.pythonhosted.org/packages/28/f9/a90d2220ffcdc0798f5d55bb5d5463cd6254ec9ef43f384dae80217d7a2f/numpy-2.4.5-cp313-cp313-win_amd64.whl", hash = "sha256:fb4a6c9c537d6ccec9cc4aeae4261bd3cc79b070c67ddc0646f5b1c07fddde42", size = 12318553, upload-time = "2026-05-15T20:23:41.436Z" },
    { url = "https://files.pythonhosted.org/packages/b8/c9/96f531fb3234545315152d34efdf3de7daee81254448447eb619e8d16967/numpy-2.4.5-cp313-cp313-win_arm64.whl", hash = "sha256:6d7df2da2e7ea0624a43aa368104b3a3ce14aae98ad4bb2c9a93fecef76f1c97", size = 10222200, upload-time = "2026-05-15T20:23:43.681Z" },
    { url = "https://files.pythonhosted.org/packages/e1/f4/a291caab5a3c520babf93ff77c54fd5fdb1ebbc3296cee2eb2146ce773b1/numpy-2.4.5-cp313-cp313t-macosx_11_0_arm64.whl", hash = "sha256:2a235607a18df941760a695927051af4b1cd5d3ee85840d0e2af816785771feb", size = 14821438, upload-time = "2026-05-15T20:23:45.911Z" },
    { url = "https://files.pythonhosted.org/packages/85/26/13dbb1159b864370568e7309063fd72667984df89db74e9caeb175d067c7/numpy-2.4.5-cp313-cp313t-macosx_14_0_arm64.whl", hash = "sha256:58dcf64969d870f36bc7fbd557d2617e997db7dc06261b6e3327148ea460d0a4", size = 5326663, upload-time = "2026-05-15T20:23:48.18Z" },
    { url = "https://files.pythonhosted.org/packages/7c/99/d233408072a0e019e2288e27edd23f7d572ccd4a73d1539baa3270ede85d/numpy-2.4.5-cp313-cp313t-macosx_14_0_x86_64.whl", hash = "sha256:235f54b0156274d8fa3155db3ed6d2f401c7e8f3367c90db0a12f02a58fde6ed", size = 6646874, upload-time = "2026-05-15T20:23:49.856Z" },
    { url = "https://files.pythonhosted.org/packages/c5/00/eeb6f193dfe767725e952e0464f3e51f44145c5dd261cd7389aa36ac0713/numpy-2.4.5-cp313-cp313t-manylinux_2_27_aarch64.manylinux_2_28_aarch64.whl", hash = "sha256:ef3b5bb65437a3555c648e706475db01c645559ca80dc8b03e4f202ea757e0d6", size = 15728147, upload-time = "2026-05-15T20:23:51.655Z" },
    { url = "https://files.pythonhosted.org/packages/e5/c9/b8ed039f1fde1b13a8807c893e7e2f9432a379f4d6401edecf0028da5b2c/numpy-2.4.5-cp313-cp313t-manylinux_2_27_x86_64.manylinux_2_28_x86_64.whl", hash = "sha256:7f09a7e5f017d7098c66522097c96257411c9620c0926212200d66bc8cee3976", size = 16681770, upload-time = "2026-05-15T20:23:53.933Z" },
    { url = "https://files.pythonhosted.org/packages/11/5b/0198ef6cb7016eca6d895d392106012138127fab23f46637e76d5e25c9f5/numpy-2.4.5-cp313-cp313t-musllinux_1_2_aarch64.whl", hash = "sha256:993a88d8fdd8554466a8765cd8bacd97ba56b70ca6b0a04bcdca77f5afed4222", size = 17086218, upload-time = "2026-05-15T20:23:56.646Z" },
    { url = "https://files.pythonhosted.org/packages/f0/fe/8821f3cfc660ae84c92ee158505941874b62c56a42e035a41425228cd8cf/numpy-2.4.5-cp313-cp313t-musllinux_1_2_x86_64.whl", hash = "sha256:84f58bed609b5669f5ad3d597901a4f1f86ee5b3c3708aaa55f05b4fe6e0f656", size = 18403542, upload-time = "2026-05-15T20:23:59.173Z" },
    { url = "https://files.pythonhosted.org/packages/0e/00/e64ecaf498865e7b091f57658b2c522503e5d1b70e43b807f5f8247e1d88/numpy-2.4.5-cp313-cp313t-win32.whl", hash = "sha256:7200c58f3f933ca61e66346667dcc8510bb111995e9ce15398a731e6a4afa4bb", size = 6084903, upload-time = "2026-05-15T20:24:01.506Z" },
    { url = "https://files.pythonhosted.org/packages/20/c0/354997dedaf74e8311c2cf9a6027b476fd8d424cb92189cc0ae2b25f501c/numpy-2.4.5-cp313-cp313t-win_amd64.whl", hash = "sha256:c26c71080d35db5002102f5d9ff614d45de02aa1f7802943e691e063e5ee93bc", size = 12458420, upload-time = "2026-05-15T20:24:03.735Z" },
    { url = "https://files.pythonhosted.org/packages/66/dc/917ee5ea4a31ca1a6e4c9a85386477efa318dcc60db257c5ef4adda096c1/numpy-2.4.5-cp313-cp313t-win_arm64.whl", hash = "sha256:2caa576d1707b275cba1aeb60a5c50daa6fa2a3f28ecb08123bc05fd439005db", size = 10291826, upload-time = "2026-05-15T20:24:06.535Z" },
    { url = "https://files.pythonhosted.org/packages/ca/c1/3be0bf102fc17cff5bd142e3be0bfffabec6fa46da0a462396c76b0765d0/numpy-2.4.5-cp314-cp314-macosx_10_15_x86_64.whl", hash = "sha256:889ca2c072315de638a5194a772aa1fa2df92bdd6175f6a222d4784040424b61", size = 16683455, upload-time = "2026-05-15T20:24:08.988Z" },
    { url = "https://files.pythonhosted.org/packages/e8/3e/0742d724901fa36bc54b338c6e62e463a7601180da896aa44978f0adf004/numpy-2.4.5-cp314-cp314-macosx_11_0_arm64.whl", hash = "sha256:89e89304fb1f8c3f0ecfa4a7d48f311dd79771336a940e920159d643d1307e77", size = 14704577, upload-time = "2026-05-15T20:24:11.542Z" },
    { url = "https://files.pythonhosted.org/packages/25/1c/196c610ff4c6782d697ba780ebdc1616be143213701bf22c1a270f3bf7dd/numpy-2.4.5-cp314-cp314-macosx_14_0_arm64.whl", hash = "sha256:144fcc5a3a17679b2b82543b4a2d8dd29937230a7af13232b5f753872feb6361", size = 5209756, upload-time = "2026-05-15T20:24:14.091Z" },
    { url = "https://files.pythonhosted.org/packages/52/c0/23fb1bc506f774e03db66219a2830e720f4d3dbcaaddf855a7ff7bb6d96f/numpy-2.4.5-cp314-cp314-macosx_14_0_x86_64.whl", hash = "sha256:398bb16772b265b9fa5c07b07072646ea97137c10ffb62a9a087b277fc825c29", size = 6543937, upload-time = "2026-05-15T20:24:16.223Z" },
    { url = "https://files.pythonhosted.org/packages/9f/49/db4662c26e68520afcc84d672a6f9f5294063dee0e57a46d61afdaa7f9ed/numpy-2.4.5-cp314-cp314-manylinux_2_27_aarch64.manylinux_2_28_aarch64.whl", hash = "sha256:fb352e7b8876da1249e72254736d6c58c505fa4e58a3d7e30efca241ca9ca9ce", size = 15685292, upload-time = "2026-05-15T20:24:17.978Z" },
    { url = "https://files.pythonhosted.org/packages/43/80/1315439acedd8398319bac177d6de3d48ab39c62cc0c810f74f0a9a73996/numpy-2.4.5-cp314-cp314-manylinux_2_27_x86_64.manylinux_2_28_x86_64.whl", hash = "sha256:7341b08ff8124d7353939778e2707b8732d03c78c1c30e0815aba2dacbe1245a", size = 16638528, upload-time = "2026-05-15T20:24:20.478Z" },
    { url = "https://files.pythonhosted.org/packages/56/81/364388600932618fe735d97fdd2437cb8dd87a23377ac11d8b9d5db098b7/numpy-2.4.5-cp314-cp314-musllinux_1_2_aarch64.whl", hash = "sha256:deb01226f012539f3945261ffe1c10aec081a0fa0a5c925419933c70f3ae2d23", size = 17036709, upload-time = "2026-05-15T20:24:22.949Z" },
    { url = "https://files.pythonhosted.org/packages/32/4a/a1185b18a94a6d9587e54b437e7d0ba36ecf6e614f1bea03f5249912c64e/numpy-2.4.5-cp314-cp314-musllinux_1_2_x86_64.whl", hash = "sha256:d888bdf7335f76878c3c7b264ac1ff089863e211ec81249f9fb5795c2183dc25", size = 18363254, upload-time = "2026-05-15T20:24:25.402Z" },
    { url = "https://files.pythonhosted.org/packages/b9/8e/95c1d2ed15ae97750ede8c8a0ac487c9c01207afff430f47078b1d9d7dc5/numpy-2.4.5-cp314-cp314-win32.whl", hash = "sha256:15f90d1256e9b2320aff24fde44815b787ab6d7c49a1a11bfd8138b321c5f080", size = 6010184, upload-time = "2026-05-15T20:24:27.852Z" },
    { url = "https://files.pythonhosted.org/packages/aa/92/d063df4d63d988b20d881856c74df76c0c1786229bb870f3a52af0981d4d/numpy-2.4.5-cp314-cp314-win_amd64.whl", hash = "sha256:4bd2cd4ef9c0afa87de73723c0a33c0edff62143e1432917458e26d3d195d87f", size = 12450344, upload-time = "2026-05-15T20:24:29.856Z" },
    { url = "https://files.pythonhosted.org/packages/3d/64/c0ae481f7c3b2f85869bcd8fc5d30aa7c96b394162eef9c9315957f115c5/numpy-2.4.5-cp314-cp314-win_arm64.whl", hash = "sha256:db304568c650e9d7039744d3575d0d287754debb2057d7c7b8cdfdc2c487a957", size = 10495674, upload-time = "2026-05-15T20:24:32.352Z" },
    { url = "https://files.pythonhosted.org/packages/57/89/c5a4c677acf17aa50ba09a15e61812f90baac42bb6ca38d112e005858351/numpy-2.4.5-cp314-cp314t-macosx_11_0_arm64.whl", hash = "sha256:6de2883e0d2c63eae1bab1a84b390dca74aabb3d20ea1f5d58f360853c83abf3", size = 14824078, upload-time = "2026-05-15T20:24:34.669Z" },
    { url = "https://files.pythonhosted.org/packages/e7/52/57e7144284f6b51ba93523e495ff239260b1ecd5257e3700a436332e5688/numpy-2.4.5-cp314-cp314t-macosx_14_0_arm64.whl", hash = "sha256:06760fe73ae5005008748d182de612c733542af3cde063d532cd2127561b27be", size = 5329246, upload-time = "2026-05-15T20:24:36.957Z" },
    { url = "https://files.pythonhosted.org/packages/b9/b3/09dbce80fd4a7db4318f2fc01eec0ae76f29306442b5a32d4b811d082cdf/numpy-2.4.5-cp314-cp314t-macosx_14_0_x86_64.whl", hash = "sha256:4b51a01745cb04cc19278482207444b4d30728ce91c28d27a3bfae5fc6ff24c7", size = 6649877, upload-time = "2026-05-15T20:24:38.861Z" },
    { url = "https://files.pythonhosted.org/packages/30/c2/dbdb23e82d540b757690ef13f011c386fca6a63848eec6136baf8ce7cbed/numpy-2.4.5-cp314-cp314t-manylinux_2_27_aarch64.manylinux_2_28_aarch64.whl", hash = "sha256:9a05636d7937d0936f271e5ba957fa8d746b5be3c2025caa1a2508f4fe521d40", size = 15730534, upload-time = "2026-05-15T20:24:41.168Z" },
    { url = "https://files.pythonhosted.org/packages/c4/bd/68f6e9b3c20decf40ac06708a7b506757e3a8588efed32988d1b747316be/numpy-2.4.5-cp314-cp314t-manylinux_2_27_x86_64.manylinux_2_28_x86_64.whl", hash = "sha256:14b86f56048ed09c3bbe48962a7dff077c2fd3274f8cf981800f3b38eac49cc3", size = 16679741, upload-time = "2026-05-15T20:24:44.874Z" },
    { url = "https://files.pythonhosted.org/packages/39/1d/0fcac0b6b4ea1b50ca8fca05a34bed5c8d56e34c1cb5ffb04cf76109ac3c/numpy-2.4.5-cp314-cp314t-musllinux_1_2_aarch64.whl", hash = "sha256:130d58151c4db23e9fa860b84784e219a3aa3e030acc88a493ea37006c4dfd4c", size = 17085598, upload-time = "2026-05-15T20:24:47.603Z" },
    { url = "https://files.pythonhosted.org/packages/0b/e8/a472b2564cf6cc498ad7aa9741d9832648221b8ab8cc0dbef41faa248ede/numpy-2.4.5-cp314-cp314t-musllinux_1_2_x86_64.whl", hash = "sha256:d475afc8cbe935ff5944f753d863bba774d7f4e1feaaa4102901e3e053ca5963", size = 18403855, upload-time = "2026-05-15T20:24:50.474Z" },
    { url = "https://files.pythonhosted.org/packages/b9/a4/da82196f8cc4bd28ecf17bd57008c84f3d4696caf06753d9bad45e4ad749/numpy-2.4.5-cp314-cp314t-win32.whl", hash = "sha256:27f4a6dc26353a860b348961b9aa9e009835688b435cfa105e873b8dc2c726f5", size = 6156900, upload-time = "2026-05-15T20:24:53.134Z" },
    { url = "https://files.pythonhosted.org/packages/98/31/860959b91a73d9a085006554fa3850da51a7ffab64599bac5097243438ab/numpy-2.4.5-cp314-cp314t-win_amd64.whl", hash = "sha256:76ac6e90f5e226011c88f9b7040a4bcae612518bc7e9adc127e697a13b28ad1a", size = 12638906, upload-time = "2026-05-15T20:24:55.009Z" },
    { url = "https://files.pythonhosted.org/packages/9e/2a/bbd3097913083ad07c0f28fc9629666221fc18923e17ce97ae22a5dccdd6/numpy-2.4.5-cp314-cp314t-win_arm64.whl", hash = "sha256:7c392e2c1bf596701d3c6832be7567eab5d5b0a13865036c33365ee097d37f8b", size = 10565875, upload-time = "2026-05-15T20:24:57.425Z" },
    { url = "https://files.pythonhosted.org/packages/fc/5d/9a644cfb841bc76b584afc3af1708b3bf6c5cb51fc84a7008246cd93b7b7/numpy-2.4.5-pp311-pypy311_pp73-macosx_10_15_x86_64.whl", hash = "sha256:6bf0bfc1c2e1db972e30b6cd3d4861f477f3af908b27799b239dc3cbe3eb4b95", size = 16847544, upload-time = "2026-05-15T20:24:59.746Z" },
    { url = "https://files.pythonhosted.org/packages/56/8f/4fe5e3ba76d858dae1fe79078818c0520447335be0082c0dedf82719cc08/numpy-2.4.5-pp311-pypy311_pp73-macosx_11_0_arm64.whl", hash = "sha256:73d664413fb97229149c4711ef56531a6fe8c15c1c2626b0bbe497b84c287e70", size = 14889039, upload-time = "2026-05-15T20:25:03.179Z" },
    { url = "https://files.pythonhosted.org/packages/8e/6f/79f195abf922ecc43e7d0eb6cc969462a71b524a35bcd1fa26b4a1d7406a/numpy-2.4.5-pp311-pypy311_pp73-macosx_14_0_arm64.whl", hash = "sha256:b35bee5ef99e8d227a07829bee2e864fcb65f7c157646fcd8ec8b4b45dd8b88f", size = 5394106, upload-time = "2026-05-15T20:25:05.659Z" },
    { url = "https://files.pythonhosted.org/packages/58/6f/79cd6247205802bcbd10b40ea087e20ded526e10e9be224d34de832b216e/numpy-2.4.5-pp311-pypy311_pp73-macosx_14_0_x86_64.whl", hash = "sha256:02981d0fc9f9ce147643d552966d47f329a02f7ecb3b113e84207242f20dfa83", size = 6708718, upload-time = "2026-05-15T20:25:08.071Z" },
    { url = "https://files.pythonhosted.org/packages/d7/22/5f378a9d4633c98f28c4709d4144b1a4630c5c09e109d2e781e2d26c8fe1/numpy-2.4.5-pp311-pypy311_pp73-manylinux_2_27_aarch64.manylinux_2_28_aarch64.whl", hash = "sha256:0e63caf31a1df06338ae63d999f7a33a675ced62eea9c9b02db4b1c1f45cff38", size = 15798292, upload-time = "2026-05-15T20:25:10.689Z" },
    { url = "https://files.pythonhosted.org/packages/63/1c/cec582febef798c99888892d92dc1d28dfe29cb427c41f44d13d0dec208f/numpy-2.4.5-pp311-pypy311_pp73-manylinux_2_27_x86_64.manylinux_2_28_x86_64.whl", hash = "sha256:d8fc52b85a7b45e474be53eddf08e006d22e381a4e41bcde8e4aa08da0e7d198", size = 16747406, upload-time = "2026-05-15T20:25:13.879Z" },
    { url = "https://files.pythonhosted.org/packages/b1/dc/d358a16a6fec86cf736b8fbe67386044b3fa2aded1a80cff90e836799301/numpy-2.4.5-pp311-pypy311_pp73-win_amd64.whl", hash = "sha256:40c71d50a4da1a7c317af419461052d3911a5770bfc5fd55baf52cc45e7a2c20", size = 12504085, upload-time = "2026-05-15T20:25:16.667Z" },
]

[[package]]
name = "packaging"
version = "26.2"
source = { registry = "https://pypi.org/simple" }
sdist = { url = "https://files.pythonhosted.org/packages/d7/f1/e7a6dd94a8d4a5626c03e4e99c87f241ba9e350cd9e6d75123f992427270/packaging-26.2.tar.gz", hash = "sha256:ff452ff5a3e828ce110190feff1178bb1f2ea2281fa2075aadb987c2fb221661", size = 228134, upload-time = "2026-04-24T20:15:23.917Z" }
wheels = [
    { url = "https://files.pythonhosted.org/packages/df/b2/87e62e8c3e2f4b32e5fe99e0b86d576da1312593b39f47d8ceef365e95ed/packaging-26.2-py3-none-any.whl", hash = "sha256:5fc45236b9446107ff2415ce77c807cee2862cb6fac22b8a73826d0693b0980e", size = 100195, upload-time = "2026-04-24T20:15:22.081Z" },
]

[[package]]
name = "pluggy"
version = "1.6.0"
source = { registry = "https://pypi.org/simple" }
sdist = { url = "https://files.pythonhosted.org/packages/f9/e2/3e91f31a7d2b083fe6ef3fa267035b518369d9511ffab804f839851d2779/pluggy-1.6.0.tar.gz", hash = "sha256:7dcc130b76258d33b90f61b658791dede3486c3e6bfb003ee5c9bfb396dd22f3", size = 69412, upload-time = "2025-05-15T12:30:07.975Z" }
wheels = [
    { url = "https://files.pythonhosted.org/packages/54/20/4d324d65cc6d9205fabedc306948156824eb9f0ee1633355a8f7ec5c66bf/pluggy-1.6.0-py3-none-any.whl", hash = "sha256:e920276dd6813095e9377c0bc5566d94c932c33b27a3e3945d8389c374dd4746", size = 20538, upload-time = "2025-05-15T12:30:06.134Z" },
]

[[package]]
name = "pygments"
version = "2.20.0"
source = { registry = "https://pypi.org/simple" }
sdist = { url = "https://files.pythonhosted.org/packages/c3/b2/bc9c9196916376152d655522fdcebac55e66de6603a76a02bca1b6414f6c/pygments-2.20.0.tar.gz", hash = "sha256:6757cd03768053ff99f3039c1a36d6c0aa0b263438fcab17520b30a303a82b5f", size = 4955991, upload-time = "2026-03-29T13:29:33.898Z" }
wheels = [
    { url = "https://files.pythonhosted.org/packages/f4/7e/a72dd26f3b0f4f2bf1dd8923c85f7ceb43172af56d63c7383eb62b332364/pygments-2.20.0-py3-none-any.whl", hash = "sha256:81a9e26dd42fd28a23a2d169d86d7ac03b46e2f8b59ed4698fb4785f946d0176", size = 1231151, upload-time = "2026-03-29T13:29:30.038Z" },
]

[[package]]
name = "pytest"
version = "9.0.3"
source = { registry = "https://pypi.org/simple" }
dependencies = [
    { name = "colorama", marker = "sys_platform == 'win32'" },
    { name = "iniconfig" },
    { name = "packaging" },
    { name = "pluggy" },
    { name = "pygments" },
]
sdist = { url = "https://files.pythonhosted.org/packages/7d/0d/549bd94f1a0a402dc8cf64563a117c0f3765662e2e668477624baeec44d5/pytest-9.0.3.tar.gz", hash = "sha256:b86ada508af81d19edeb213c681b1d48246c1a91d304c6c81a427674c17eb91c", size = 1572165, upload-time = "2026-04-07T17:16:18.027Z" }
wheels = [
    { url = "https://files.pythonhosted.org/packages/d4/24/a372aaf5c9b7208e7112038812994107bc65a84cd00e0354a88c2c77a617/pytest-9.0.3-py3-none-any.whl", hash = "sha256:2c5efc453d45394fdd706ade797c0a81091eccd1d6e4bccfcd476e2b8e0ab5d9", size = 375249, upload-time = "2026-04-07T17:16:16.13Z" },
]

[[package]]
name = "ruff"
version = "0.15.13"
source = { registry = "https://pypi.org/simple" }
sdist = { url = "https://files.pythonhosted.org/packages/24/21/a7d5c126d5b557715ef81098f3db2fe20f622a039ff2e626af28d674ab80/ruff-0.15.13.tar.gz", hash = "sha256:f9d89f17f7ba7fb2ed42921f0df75da797a9a5d71bc39049e2c687cf2baf44b7", size = 4678180, upload-time = "2026-05-14T13:44:37.869Z" }
wheels = [
    { url = "https://files.pythonhosted.org/packages/c6/61/11d458dc6ac22504fd8e237b29dfd40504c7fbbcc8930402cfe51a8e63ed/ruff-0.15.13-py3-none-linux_armv6l.whl", hash = "sha256:444b580fc72fd6887e650acd3e575e18cdc79dbcf42fb4030b491057921f61f8", size = 10738279, upload-time = "2026-05-14T13:44:18.7Z" },
    { url = "https://files.pythonhosted.org/packages/86/ca/caa871ee7be718c45256fada4e16a218ee3e33f0c4a46b729a60a24912e6/ruff-0.15.13-py3-none-macosx_10_12_x86_64.whl", hash = "sha256:6590d009e7cb7ebf36f83dbdd44a3fa48a0994ff6f1cdc1b08006abe58f98dc7", size = 11124798, upload-time = "2026-05-14T13:44:06.427Z" },
    { url = "https://files.pythonhosted.org/packages/d3/19/43f5f2e568dddde567fc41f8471f9432c09563e19d3e617a48cfa52f8f0a/ruff-0.15.13-py3-none-macosx_11_0_arm64.whl", hash = "sha256:1c26d2f66163deeb6e08d8b39fbbe983ce3c71cea06a6d7591cfd1421793c629", size = 10460761, upload-time = "2026-05-14T13:44:04.375Z" },
    { url = "https://files.pythonhosted.org/packages/99/df/cf938cd6de3003178f03ad7c1ea2a6c099468c03a35037985070b37e76be/ruff-0.15.13-py3-none-manylinux_2_17_aarch64.manylinux2014_aarch64.whl", hash = "sha256:9dbd6f94b434f896308e4d57fb7bfde0d02b99f7a64b3bdab0fdfa6a864203a5", size = 10804451, upload-time = "2026-05-14T13:44:25.221Z" },
    { url = "https://files.pythonhosted.org/packages/c7/7d/5d0973129b154ded2225729169d7068f26b467760b146493fde138415f23/ruff-0.15.13-py3-none-manylinux_2_17_armv7l.manylinux2014_armv7l.whl", hash = "sha256:bf3259f3be4d181bda591da5db2571aed6853c6a048157756448020bc6c5cd22", size = 10534285, upload-time = "2026-05-14T13:44:08.888Z" },
    { url = "https://files.pythonhosted.org/packages/1f/e3/6b999bbc66cd51e5f073842bc2a3995e99c5e0e72e16b15e7261f7abf57a/ruff-0.15.13-py3-none-manylinux_2_17_i686.manylinux2014_i686.whl", hash = "sha256:ae9c17e5eb4430c154e76abc25d79a318190f5a997f38fb6b114416c5319ffc9", size = 11312063, upload-time = "2026-05-14T13:44:11.274Z" },
    { url = "https://files.pythonhosted.org/packages/af/5a/642639e9f5db04f1e97fbd6e091c6fd20725bdf072fb114d00eefb9e6eb8/ruff-0.15.13-py3-none-manylinux_2_17_ppc64le.manylinux2014_ppc64le.whl", hash = "sha256:2e2e39bff6c341f4b577a21b801326fab0b11847f48fcaa83f00a113c9b3cb55", size = 12183079, upload-time = "2026-05-14T13:44:01.634Z" },
    { url = "https://files.pythonhosted.org/packages/19/4c/7585735f6b53b0f12de13618b2f7d250a844f018822efc899df2e7b8295f/ruff-0.15.13-py3-none-manylinux_2_17_s390x.manylinux2014_s390x.whl", hash = "sha256:e8d9a8e08013542e94d3220bc5b62cc3e5ef87c5f74bff367d3fac14fab013e6", size = 11440833, upload-time = "2026-05-14T13:43:59.043Z" },
    { url = "https://files.pythonhosted.org/packages/e8/31/bf1a0803d077e679cfeee5f2f67290a0fa79c7385b5d9a8c17b9db2c48f0/ruff-0.15.13-py3-none-manylinux_2_17_x86_64.manylinux2014_x86_64.whl", hash = "sha256:cc411dfebe5eebe55ce041c6ae080eb7668955e866daa2fbb16692a784f1c4ca", size = 11434486, upload-time = "2026-05-14T13:44:27.761Z" },
    { url = "https://files.pythonhosted.org/packages/e1/4e/62c9b999875d4f14db80f277c030578f5e249c9852d65b7ac7ad0b43c041/ruff-0.15.13-py3-none-manylinux_2_31_riscv64.whl", hash = "sha256:768494eb08b9cee54e2fd27969966f74db5a57f6eaa7a90fcb3306af34dfc4bd", size = 11385189, upload-time = "2026-05-14T13:44:13.704Z" },
    { url = "https://files.pythonhosted.org/packages/fc/89/7e959047a104df3eb12863447c110140191fc5b6c4f379ea2e803fcdb0e4/ruff-0.15.13-py3-none-musllinux_1_2_aarch64.whl", hash = "sha256:fb75f9a3a7e42ffe117d734494e6c5e5cb3565d66e12612cb63d0e572a41a5b6", size = 10781380, upload-time = "2026-05-14T13:43:56.734Z" },
    { url = "https://files.pythonhosted.org/packages/ff/52/5fd18f3b88cab63e88aa11516b3b4e1e5f720e5c330f8dbe5c26210f41f8/ruff-0.15.13-py3-none-musllinux_1_2_armv7l.whl", hash = "sha256:8cb74dd33bb2f6613faf7fc03b660053b5ac4f80e706d5788c6335e2a8048d51", size = 10540605, upload-time = "2026-05-14T13:44:20.748Z" },
    { url = "https://files.pythonhosted.org/packages/e8/e0/9e35f338990d3e41a82875ff7053ffe97541dae81c9d02143177f381d572/ruff-0.15.13-py3-none-musllinux_1_2_i686.whl", hash = "sha256:7ef823f817fcd191dc934e984be9cf4094f808effa16f2542ad8e821ba02bbf2", size = 11036554, upload-time = "2026-05-14T13:44:16.256Z" },
    { url = "https://files.pythonhosted.org/packages/c2/13/070fb048c24080fba188f66371e2a92785be257ad02242066dc7255ac6e9/ruff-0.15.13-py3-none-musllinux_1_2_x86_64.whl", hash = "sha256:f345a13937bd7f09f6f5d19fa0721b0c103e00e7f62bc67089a8e5e037719e0b", size = 11528133, upload-time = "2026-05-14T13:44:22.808Z" },
    { url = "https://files.pythonhosted.org/packages/6b/8c/b1e1666aef7fc6555094d73ae6cd981701781ae85b97ceefc0eebd0b4668/ruff-0.15.13-py3-none-win32.whl", hash = "sha256:4044f94208b3b05ba0fc4a4abd0558cf4d6459bd18325eead7fd8cc66f909b41", size = 10721455, upload-time = "2026-05-14T13:44:35.697Z" },
    { url = "https://files.pythonhosted.org/packages/ab/a6/870a3e8a50590bb92be184ad928c2922f088b00d9dc5c5ec7b924ee08c22/ruff-0.15.13-py3-none-win_amd64.whl", hash = "sha256:7064884d442b7d477b4e7473d12da7f08851d2b1982763c5d3f388a19468a1a4", size = 11900409, upload-time = "2026-05-14T13:44:30.389Z" },
    { url = "https://files.pythonhosted.org/packages/9b/36/9c015cd052fca743dae8cb2aeb16b551444787467db42ceab0fc968865af/ruff-0.15.13-py3-none-win_arm64.whl", hash = "sha256:2471da9bd1068c8c064b5fd9c0c4b6dddffd6369cb1cd68b29993b1709ff1b21", size = 11179336, upload-time = "2026-05-14T13:44:33.026Z" },
]
